
Microsoft Visual Studio Solution File, Format Version 12.00
# Visual Studio Version 17
VisualStudioVersion = 17.3.32929.385
MinimumVisualStudioVersion = 10.0.40219.1
Project("{9A19103F-16F7-4668-BE54-9A1E7A4F7556}") = "OpachoStore", "OpachoStore\OpachoStore.csproj", "{1E47AAD4-C475-410E-88D2-5B4C70BF411C}"
EndProject
Global
	GlobalSection(SolutionConfigurationPlatforms) = preSolution
		Debug|Any CPU = Debug|Any CPU
		Release|Any CPU = Release|Any CPU
	EndGlobalSection
	GlobalSection(ProjectConfigurationPlatforms) = postSolution
		{1E47AAD4-C475-410E-88D2-5B4C70BF411C}.Debug|Any CPU.ActiveCfg = Debug|Any CPU
		{1E47AAD4-C475-410E-88D2-5B4C70BF411C}.Debug|Any CPU.Build.0 = Debug|Any CPU
		{1E47AAD4-C475-410E-88D2-5B4C70BF411C}.Release|Any CPU.ActiveCfg = Release|Any CPU
		{1E47AAD4-C475-410E-88D2-5B4C70BF411C}.Release|Any CPU.Build.0 = Release|Any CPU
	EndGlobalSection
	GlobalSection(SolutionProperties) = preSolution
		HideSolutionNode = FALSE
	EndGlobalSection
	GlobalSection(ExtensibilityGlobals) = postSolution
		SolutionGuid = {23E2A839-6A06-403E-8799-F0BA0ACF18BB}
	EndGlobalSection
EndGlobal
